
Microsoft Visual Studio Solution File, Format Version 12.00
# Visual Studio Version 16
VisualStudioVersion = 16.0.29306.81
MinimumVisualStudioVersion = 10.0.40219.1
Project("{9A19103F-16F7-4668-BE54-9A1E7A4F7556}") = "ProjectArcher_Backend", "ProjectArcher_Backend\ProjectArcher_Backend.csproj", "{FADE7602-0B68-444E-B88A-9081B35DFEE8}"
EndProject
Global
	GlobalSection(SolutionConfigurationPlatforms) = preSolution
		Debug|Any CPU = Debug|Any CPU
		Release|Any CPU = Release|Any CPU
	EndGlobalSection
	GlobalSection(ProjectConfigurationPlatforms) = postSolution
		{FADE7602-0B68-444E-B88A-9081B35DFEE8}.Debug|Any CPU.ActiveCfg = Debug|Any CPU
		{FADE7602-0B68-444E-B88A-9081B35DFEE8}.Debug|Any CPU.Build.0 = Debug|Any CPU
		{FADE7602-0B68-444E-B88A-9081B35DFEE8}.Release|Any CPU.ActiveCfg = Release|Any CPU
		{FADE7602-0B68-444E-B88A-9081B35DFEE8}.Release|Any CPU.Build.0 = Release|Any CPU
	EndGlobalSection
	GlobalSection(SolutionProperties) = preSolution
		HideSolutionNode = FALSE
	EndGlobalSection
	GlobalSection(ExtensibilityGlobals) = postSolution
		SolutionGuid = {3E139186-F7D4-424F-92C4-00BF71D2ABA2}
	EndGlobalSection
EndGlobal
